// !$*UTF8*$!
{
	archiveVersion = 1;
	classes = {
	};
	objectVersion = 56;
	objects = {

/* Begin PBXBuildFile section */
		610FED6C298E5FE100875BBA /* BoardTests.swift in Sources */ = {isa = PBXBuildFile; fileRef = 610FED69298E5FE100875BBA /* BoardTests.swift */; };
		610FED6D298E5FE100875BBA /* PegTests.swift in Sources */ = {isa = PBXBuildFile; fileRef = 610FED6A298E5FE100875BBA /* PegTests.swift */; };
		610FED91298E616400875BBA /* LevelDesignerConstants.swift in Sources */ = {isa = PBXBuildFile; fileRef = 610FED72298E616400875BBA /* LevelDesignerConstants.swift */; };
		610FED93298E616400875BBA /* DataManager.swift in Sources */ = {isa = PBXBuildFile; fileRef = 610FED75298E616400875BBA /* DataManager.swift */; };
		610FED94298E616400875BBA /* BoardData+CoreDataClass.swift in Sources */ = {isa = PBXBuildFile; fileRef = 610FED76298E616400875BBA /* BoardData+CoreDataClass.swift */; };
		610FED95298E616400875BBA /* BoardsTransformer.swift in Sources */ = {isa = PBXBuildFile; fileRef = 610FED77298E616400875BBA /* BoardsTransformer.swift */; };
		610FED96298E616400875BBA /* BoardData+CoreDataProperties.swift in Sources */ = {isa = PBXBuildFile; fileRef = 610FED78298E616400875BBA /* BoardData+CoreDataProperties.swift */; };
		610FED97298E616400875BBA /* Board.swift in Sources */ = {isa = PBXBuildFile; fileRef = 610FED7A298E616400875BBA /* Board.swift */; };
		610FED98298E616400875BBA /* BoardProtocol.swift in Sources */ = {isa = PBXBuildFile; fileRef = 610FED7B298E616400875BBA /* BoardProtocol.swift */; };
		610FED99298E616400875BBA /* Peg.swift in Sources */ = {isa = PBXBuildFile; fileRef = 610FED7C298E616400875BBA /* Peg.swift */; };
		610FED9A298E616400875BBA /* Position.swift in Sources */ = {isa = PBXBuildFile; fileRef = 610FED7D298E616400875BBA /* Position.swift */; };
		610FED9B298E616400875BBA /* BoardModelData.xcdatamodeld in Sources */ = {isa = PBXBuildFile; fileRef = 610FED7E298E616400875BBA /* BoardModelData.xcdatamodeld */; };
		610FED9E298E616400875BBA /* LevelSelectViewControllerDelegate.swift in Sources */ = {isa = PBXBuildFile; fileRef = 610FED84298E616400875BBA /* LevelSelectViewControllerDelegate.swift */; };
		610FED9F298E616400875BBA /* LevelSelectViewController.swift in Sources */ = {isa = PBXBuildFile; fileRef = 610FED85298E616400875BBA /* LevelSelectViewController.swift */; };
		610FEDA0298E616400875BBA /* LevelBuilderViewController.swift in Sources */ = {isa = PBXBuildFile; fileRef = 610FED86298E616400875BBA /* LevelBuilderViewController.swift */; };
		610FEDA1298E616400875BBA /* BoardPegViewDelegate.swift in Sources */ = {isa = PBXBuildFile; fileRef = 610FED88298E616400875BBA /* BoardPegViewDelegate.swift */; };
		610FEDA2298E616400875BBA /* BoardPegView.swift in Sources */ = {isa = PBXBuildFile; fileRef = 610FED89298E616400875BBA /* BoardPegView.swift */; };
		610FEDA3298E616400875BBA /* SelectPegButton.swift in Sources */ = {isa = PBXBuildFile; fileRef = 610FED8A298E616400875BBA /* SelectPegButton.swift */; };
		610FEDA4298E616400875BBA /* LevelTableViewCell.swift in Sources */ = {isa = PBXBuildFile; fileRef = 610FED8B298E616400875BBA /* LevelTableViewCell.swift */; };
		610FEDA5298E616400875BBA /* LevelTableViewCell.xib in Resources */ = {isa = PBXBuildFile; fileRef = 610FED8C298E616400875BBA /* LevelTableViewCell.xib */; };
		610FEDA9298E617900875BBA /* Board.swift in Sources */ = {isa = PBXBuildFile; fileRef = 610FED7A298E616400875BBA /* Board.swift */; };
		610FEDAA298E617C00875BBA /* Peg.swift in Sources */ = {isa = PBXBuildFile; fileRef = 610FED7C298E616400875BBA /* Peg.swift */; };
		610FEDAB298E617F00875BBA /* Position.swift in Sources */ = {isa = PBXBuildFile; fileRef = 610FED7D298E616400875BBA /* Position.swift */; };
		610FEDAC298E62AF00875BBA /* LevelDesignerConstants.swift in Sources */ = {isa = PBXBuildFile; fileRef = 610FED72298E616400875BBA /* LevelDesignerConstants.swift */; };
		610FEDAD298E651900875BBA /* BoardProtocol.swift in Sources */ = {isa = PBXBuildFile; fileRef = 610FED7B298E616400875BBA /* BoardProtocol.swift */; };
		612F7A752990CC38005540DF /* BluePegNode.swift in Sources */ = {isa = PBXBuildFile; fileRef = 612F7A742990CC38005540DF /* BluePegNode.swift */; };
		612F7A772990CF08005540DF /* OrangePegNode.swift in Sources */ = {isa = PBXBuildFile; fileRef = 612F7A762990CF08005540DF /* OrangePegNode.swift */; };
		612F7A792990CF51005540DF /* BallNode.swift in Sources */ = {isa = PBXBuildFile; fileRef = 612F7A782990CF51005540DF /* BallNode.swift */; };
		612F7A7B2990F099005540DF /* PegNodeDelegate.swift in Sources */ = {isa = PBXBuildFile; fileRef = 612F7A7A2990F098005540DF /* PegNodeDelegate.swift */; };
		612F7A7D29912CAB005540DF /* PegPhysicsBody.swift in Sources */ = {isa = PBXBuildFile; fileRef = 612F7A7C29912CAB005540DF /* PegPhysicsBody.swift */; };
		612F7A7F29912CC9005540DF /* BallPhysicsBody.swift in Sources */ = {isa = PBXBuildFile; fileRef = 612F7A7E29912CC9005540DF /* BallPhysicsBody.swift */; };
		612F7A8129913400005540DF /* PegPhysicsBodyDelegate.swift in Sources */ = {isa = PBXBuildFile; fileRef = 612F7A8029913400005540DF /* PegPhysicsBodyDelegate.swift */; };
		612F7A8329913AFC005540DF /* BoardSceneDelegate.swift in Sources */ = {isa = PBXBuildFile; fileRef = 612F7A8229913AFC005540DF /* BoardSceneDelegate.swift */; };
		612F7A8529913D55005540DF /* CannonNode.swift in Sources */ = {isa = PBXBuildFile; fileRef = 612F7A8429913D55005540DF /* CannonNode.swift */; };
		615B02FA298E508700A38993 /* MSKPhysicsBodyDelegate.swift in Sources */ = {isa = PBXBuildFile; fileRef = 615B02F9298E508700A38993 /* MSKPhysicsBodyDelegate.swift */; };
		617D2DDA298BB2FF00461FC9 /* MSKSceneDelegate.swift in Sources */ = {isa = PBXBuildFile; fileRef = 617D2DD9298BB2FF00461FC9 /* MSKSceneDelegate.swift */; };
		617D2DDF298BBBB100461FC9 /* BoardView.swift in Sources */ = {isa = PBXBuildFile; fileRef = 617D2DDE298BBBB100461FC9 /* BoardView.swift */; };
		617D2DE5298BBC1C00461FC9 /* BoardScene.swift in Sources */ = {isa = PBXBuildFile; fileRef = 617D2DE4298BBC1C00461FC9 /* BoardScene.swift */; };
		617D2DE7298BBC7F00461FC9 /* PegNode.swift in Sources */ = {isa = PBXBuildFile; fileRef = 617D2DE6298BBC7F00461FC9 /* PegNode.swift */; };
		619D849329890A96007C8683 /* AppDelegate.swift in Sources */ = {isa = PBXBuildFile; fileRef = 619D849229890A96007C8683 /* AppDelegate.swift */; };
		619D849529890A96007C8683 /* SceneDelegate.swift in Sources */ = {isa = PBXBuildFile; fileRef = 619D849429890A96007C8683 /* SceneDelegate.swift */; };
		619D849729890A96007C8683 /* GameViewController.swift in Sources */ = {isa = PBXBuildFile; fileRef = 619D849629890A96007C8683 /* GameViewController.swift */; };
		619D849A29890A96007C8683 /* Main.storyboard in Resources */ = {isa = PBXBuildFile; fileRef = 619D849829890A96007C8683 /* Main.storyboard */; };
		619D849C29890A9A007C8683 /* Assets.xcassets in Resources */ = {isa = PBXBuildFile; fileRef = 619D849B29890A9A007C8683 /* Assets.xcassets */; };
		619D849F29890A9A007C8683 /* LaunchScreen.storyboard in Resources */ = {isa = PBXBuildFile; fileRef = 619D849D29890A9A007C8683 /* LaunchScreen.storyboard */; };
		619D84AA29890A9A007C8683 /* PeggleCloneTests.swift in Sources */ = {isa = PBXBuildFile; fileRef = 619D84A929890A9A007C8683 /* PeggleCloneTests.swift */; };
		619D84B429890A9A007C8683 /* PeggleCloneUITests.swift in Sources */ = {isa = PBXBuildFile; fileRef = 619D84B329890A9A007C8683 /* PeggleCloneUITests.swift */; };
		619D84B629890A9A007C8683 /* PeggleCloneUITestsLaunchTests.swift in Sources */ = {isa = PBXBuildFile; fileRef = 619D84B529890A9A007C8683 /* PeggleCloneUITestsLaunchTests.swift */; };
		619D84C429890B6A007C8683 /* MSKPhysicsBody.swift in Sources */ = {isa = PBXBuildFile; fileRef = 619D84C329890B6A007C8683 /* MSKPhysicsBody.swift */; };
		61AF44CD298C9B0C00A9181A /* MSKCirclePhysicsBody.swift in Sources */ = {isa = PBXBuildFile; fileRef = 61AF44CC298C9B0C00A9181A /* MSKCirclePhysicsBody.swift */; };
		61AF44CF298CA17F00A9181A /* UtilFunctions.swift in Sources */ = {isa = PBXBuildFile; fileRef = 61AF44CE298CA17F00A9181A /* UtilFunctions.swift */; };
		61AF44D1298CA31600A9181A /* MSKPolygonPhysicsBody.swift in Sources */ = {isa = PBXBuildFile; fileRef = 61AF44D0298CA31600A9181A /* MSKPolygonPhysicsBody.swift */; };
		61CDDEA6298A339C00297265 /* MSKNode.swift in Sources */ = {isa = PBXBuildFile; fileRef = 61CDDEA5298A339C00297265 /* MSKNode.swift */; };
		61CDDEA8298A363B00297265 /* Constants.swift in Sources */ = {isa = PBXBuildFile; fileRef = 61CDDEA7298A363B00297265 /* Constants.swift */; };
		61CDDEAA298A428300297265 /* MSKPhysicsWorld.swift in Sources */ = {isa = PBXBuildFile; fileRef = 61CDDEA9298A428300297265 /* MSKPhysicsWorld.swift */; };
		61CDDEBB298AA6E800297265 /* MSKScene.swift in Sources */ = {isa = PBXBuildFile; fileRef = 61CDDEBA298AA6E800297265 /* MSKScene.swift */; };
		61CDDEBD298AAC1200297265 /* MSKView.swift in Sources */ = {isa = PBXBuildFile; fileRef = 61CDDEBC298AAC1200297265 /* MSKView.swift */; };
		61CDDEBF298AACC600297265 /* MSKSpriteNode.swift in Sources */ = {isa = PBXBuildFile; fileRef = 61CDDEBE298AACC600297265 /* MSKSpriteNode.swift */; };
		61F6517F2997397500B2FDEB /* BallPhysicsBodyDelegate.swift in Sources */ = {isa = PBXBuildFile; fileRef = 61F6517E2997397500B2FDEB /* BallPhysicsBodyDelegate.swift */; };
		61F65183299740D900B2FDEB /* BallNodeDelegate.swift in Sources */ = {isa = PBXBuildFile; fileRef = 61F65182299740D900B2FDEB /* BallNodeDelegate.swift */; };
/* End PBXBuildFile section */

/* Begin PBXContainerItemProxy section */
		619D84A629890A9A007C8683 /* PBXContainerItemProxy */ = {
			isa = PBXContainerItemProxy;
			containerPortal = 619D848729890A96007C8683 /* Project object */;
			proxyType = 1;
			remoteGlobalIDString = 619D848E29890A96007C8683;
			remoteInfo = PeggleClone;
		};
		619D84B029890A9A007C8683 /* PBXContainerItemProxy */ = {
			isa = PBXContainerItemProxy;
			containerPortal = 619D848729890A96007C8683 /* Project object */;
			proxyType = 1;
			remoteGlobalIDString = 619D848E29890A96007C8683;
			remoteInfo = PeggleClone;
		};
/* End PBXContainerItemProxy section */

/* Begin PBXFileReference section */
		610FED69298E5FE100875BBA /* BoardTests.swift */ = {isa = PBXFileReference; lastKnownFileType = sourcecode.swift; path = BoardTests.swift; sourceTree = "<group>"; };
		610FED6A298E5FE100875BBA /* PegTests.swift */ = {isa = PBXFileReference; lastKnownFileType = sourcecode.swift; path = PegTests.swift; sourceTree = "<group>"; };
		610FED72298E616400875BBA /* LevelDesignerConstants.swift */ = {isa = PBXFileReference; fileEncoding = 4; lastKnownFileType = sourcecode.swift; path = LevelDesignerConstants.swift; sourceTree = "<group>"; };
		610FED75298E616400875BBA /* DataManager.swift */ = {isa = PBXFileReference; fileEncoding = 4; lastKnownFileType = sourcecode.swift; path = DataManager.swift; sourceTree = "<group>"; };
		610FED76298E616400875BBA /* BoardData+CoreDataClass.swift */ = {isa = PBXFileReference; fileEncoding = 4; lastKnownFileType = sourcecode.swift; path = "BoardData+CoreDataClass.swift"; sourceTree = "<group>"; };
		610FED77298E616400875BBA /* BoardsTransformer.swift */ = {isa = PBXFileReference; fileEncoding = 4; lastKnownFileType = sourcecode.swift; path = BoardsTransformer.swift; sourceTree = "<group>"; };
		610FED78298E616400875BBA /* BoardData+CoreDataProperties.swift */ = {isa = PBXFileReference; fileEncoding = 4; lastKnownFileType = sourcecode.swift; path = "BoardData+CoreDataProperties.swift"; sourceTree = "<group>"; };
		610FED7A298E616400875BBA /* Board.swift */ = {isa = PBXFileReference; fileEncoding = 4; lastKnownFileType = sourcecode.swift; path = Board.swift; sourceTree = "<group>"; };
		610FED7B298E616400875BBA /* BoardProtocol.swift */ = {isa = PBXFileReference; fileEncoding = 4; lastKnownFileType = sourcecode.swift; path = BoardProtocol.swift; sourceTree = "<group>"; };
		610FED7C298E616400875BBA /* Peg.swift */ = {isa = PBXFileReference; fileEncoding = 4; lastKnownFileType = sourcecode.swift; path = Peg.swift; sourceTree = "<group>"; };
		610FED7D298E616400875BBA /* Position.swift */ = {isa = PBXFileReference; fileEncoding = 4; lastKnownFileType = sourcecode.swift; path = Position.swift; sourceTree = "<group>"; };
		610FED7F298E616400875BBA /* BoardModelData.xcdatamodel */ = {isa = PBXFileReference; lastKnownFileType = wrapper.xcdatamodel; path = BoardModelData.xcdatamodel; sourceTree = "<group>"; };
		610FED84298E616400875BBA /* LevelSelectViewControllerDelegate.swift */ = {isa = PBXFileReference; fileEncoding = 4; lastKnownFileType = sourcecode.swift; path = LevelSelectViewControllerDelegate.swift; sourceTree = "<group>"; };
		610FED85298E616400875BBA /* LevelSelectViewController.swift */ = {isa = PBXFileReference; fileEncoding = 4; lastKnownFileType = sourcecode.swift; path = LevelSelectViewController.swift; sourceTree = "<group>"; };
		610FED86298E616400875BBA /* LevelBuilderViewController.swift */ = {isa = PBXFileReference; fileEncoding = 4; lastKnownFileType = sourcecode.swift; path = LevelBuilderViewController.swift; sourceTree = "<group>"; };
		610FED88298E616400875BBA /* BoardPegViewDelegate.swift */ = {isa = PBXFileReference; fileEncoding = 4; lastKnownFileType = sourcecode.swift; path = BoardPegViewDelegate.swift; sourceTree = "<group>"; };
		610FED89298E616400875BBA /* BoardPegView.swift */ = {isa = PBXFileReference; fileEncoding = 4; lastKnownFileType = sourcecode.swift; path = BoardPegView.swift; sourceTree = "<group>"; };
		610FED8A298E616400875BBA /* SelectPegButton.swift */ = {isa = PBXFileReference; fileEncoding = 4; lastKnownFileType = sourcecode.swift; path = SelectPegButton.swift; sourceTree = "<group>"; };
		610FED8B298E616400875BBA /* LevelTableViewCell.swift */ = {isa = PBXFileReference; fileEncoding = 4; lastKnownFileType = sourcecode.swift; path = LevelTableViewCell.swift; sourceTree = "<group>"; };
		610FED8C298E616400875BBA /* LevelTableViewCell.xib */ = {isa = PBXFileReference; fileEncoding = 4; lastKnownFileType = file.xib; path = LevelTableViewCell.xib; sourceTree = "<group>"; };
		610FED8E298E616400875BBA /* Base */ = {isa = PBXFileReference; lastKnownFileType = file.storyboard; name = Base; path = Base.lproj/Main.storyboard; sourceTree = "<group>"; };
		612F7A742990CC38005540DF /* BluePegNode.swift */ = {isa = PBXFileReference; lastKnownFileType = sourcecode.swift; path = BluePegNode.swift; sourceTree = "<group>"; };
		612F7A762990CF08005540DF /* OrangePegNode.swift */ = {isa = PBXFileReference; lastKnownFileType = sourcecode.swift; path = OrangePegNode.swift; sourceTree = "<group>"; };
		612F7A782990CF51005540DF /* BallNode.swift */ = {isa = PBXFileReference; lastKnownFileType = sourcecode.swift; path = BallNode.swift; sourceTree = "<group>"; };
		612F7A7A2990F098005540DF /* PegNodeDelegate.swift */ = {isa = PBXFileReference; lastKnownFileType = sourcecode.swift; path = PegNodeDelegate.swift; sourceTree = "<group>"; };
		612F7A7C29912CAB005540DF /* PegPhysicsBody.swift */ = {isa = PBXFileReference; lastKnownFileType = sourcecode.swift; path = PegPhysicsBody.swift; sourceTree = "<group>"; };
		612F7A7E29912CC9005540DF /* BallPhysicsBody.swift */ = {isa = PBXFileReference; lastKnownFileType = sourcecode.swift; path = BallPhysicsBody.swift; sourceTree = "<group>"; };
		612F7A8029913400005540DF /* PegPhysicsBodyDelegate.swift */ = {isa = PBXFileReference; lastKnownFileType = sourcecode.swift; path = PegPhysicsBodyDelegate.swift; sourceTree = "<group>"; };
		612F7A8229913AFC005540DF /* BoardSceneDelegate.swift */ = {isa = PBXFileReference; lastKnownFileType = sourcecode.swift; path = BoardSceneDelegate.swift; sourceTree = "<group>"; };
		612F7A8429913D55005540DF /* CannonNode.swift */ = {isa = PBXFileReference; lastKnownFileType = sourcecode.swift; path = CannonNode.swift; sourceTree = "<group>"; };
		615B02F9298E508700A38993 /* MSKPhysicsBodyDelegate.swift */ = {isa = PBXFileReference; lastKnownFileType = sourcecode.swift; path = MSKPhysicsBodyDelegate.swift; sourceTree = "<group>"; };
		617D2DD9298BB2FF00461FC9 /* MSKSceneDelegate.swift */ = {isa = PBXFileReference; lastKnownFileType = sourcecode.swift; path = MSKSceneDelegate.swift; sourceTree = "<group>"; };
		617D2DDE298BBBB100461FC9 /* BoardView.swift */ = {isa = PBXFileReference; lastKnownFileType = sourcecode.swift; path = BoardView.swift; sourceTree = "<group>"; };
		617D2DE4298BBC1C00461FC9 /* BoardScene.swift */ = {isa = PBXFileReference; lastKnownFileType = sourcecode.swift; path = BoardScene.swift; sourceTree = "<group>"; };
		617D2DE6298BBC7F00461FC9 /* PegNode.swift */ = {isa = PBXFileReference; lastKnownFileType = sourcecode.swift; path = PegNode.swift; sourceTree = "<group>"; };
		619D848F29890A96007C8683 /* PeggleClone.app */ = {isa = PBXFileReference; explicitFileType = wrapper.application; includeInIndex = 0; path = PeggleClone.app; sourceTree = BUILT_PRODUCTS_DIR; };
		619D849229890A96007C8683 /* AppDelegate.swift */ = {isa = PBXFileReference; lastKnownFileType = sourcecode.swift; path = AppDelegate.swift; sourceTree = "<group>"; };
		619D849429890A96007C8683 /* SceneDelegate.swift */ = {isa = PBXFileReference; lastKnownFileType = sourcecode.swift; path = SceneDelegate.swift; sourceTree = "<group>"; };
		619D849629890A96007C8683 /* GameViewController.swift */ = {isa = PBXFileReference; lastKnownFileType = sourcecode.swift; path = GameViewController.swift; sourceTree = "<group>"; };
		619D849929890A96007C8683 /* Base */ = {isa = PBXFileReference; lastKnownFileType = file.storyboard; name = Base; path = Base.lproj/Main.storyboard; sourceTree = "<group>"; };
		619D849B29890A9A007C8683 /* Assets.xcassets */ = {isa = PBXFileReference; lastKnownFileType = folder.assetcatalog; path = Assets.xcassets; sourceTree = "<group>"; };
		619D849E29890A9A007C8683 /* Base */ = {isa = PBXFileReference; lastKnownFileType = file.storyboard; name = Base; path = Base.lproj/LaunchScreen.storyboard; sourceTree = "<group>"; };
		619D84A029890A9A007C8683 /* Info.plist */ = {isa = PBXFileReference; lastKnownFileType = text.plist.xml; path = Info.plist; sourceTree = "<group>"; };
		619D84A529890A9A007C8683 /* PeggleCloneTests.xctest */ = {isa = PBXFileReference; explicitFileType = wrapper.cfbundle; includeInIndex = 0; path = PeggleCloneTests.xctest; sourceTree = BUILT_PRODUCTS_DIR; };
		619D84A929890A9A007C8683 /* PeggleCloneTests.swift */ = {isa = PBXFileReference; lastKnownFileType = sourcecode.swift; path = PeggleCloneTests.swift; sourceTree = "<group>"; };
		619D84AF29890A9A007C8683 /* PeggleCloneUITests.xctest */ = {isa = PBXFileReference; explicitFileType = wrapper.cfbundle; includeInIndex = 0; path = PeggleCloneUITests.xctest; sourceTree = BUILT_PRODUCTS_DIR; };
		619D84B329890A9A007C8683 /* PeggleCloneUITests.swift */ = {isa = PBXFileReference; lastKnownFileType = sourcecode.swift; path = PeggleCloneUITests.swift; sourceTree = "<group>"; };
		619D84B529890A9A007C8683 /* PeggleCloneUITestsLaunchTests.swift */ = {isa = PBXFileReference; lastKnownFileType = sourcecode.swift; path = PeggleCloneUITestsLaunchTests.swift; sourceTree = "<group>"; };
		619D84C329890B6A007C8683 /* MSKPhysicsBody.swift */ = {isa = PBXFileReference; lastKnownFileType = sourcecode.swift; path = MSKPhysicsBody.swift; sourceTree = "<group>"; };
		61AF44CC298C9B0C00A9181A /* MSKCirclePhysicsBody.swift */ = {isa = PBXFileReference; lastKnownFileType = sourcecode.swift; path = MSKCirclePhysicsBody.swift; sourceTree = "<group>"; };
		61AF44CE298CA17F00A9181A /* UtilFunctions.swift */ = {isa = PBXFileReference; lastKnownFileType = sourcecode.swift; path = UtilFunctions.swift; sourceTree = "<group>"; };
		61AF44D0298CA31600A9181A /* MSKPolygonPhysicsBody.swift */ = {isa = PBXFileReference; lastKnownFileType = sourcecode.swift; path = MSKPolygonPhysicsBody.swift; sourceTree = "<group>"; };
		61CDDEA5298A339C00297265 /* MSKNode.swift */ = {isa = PBXFileReference; lastKnownFileType = sourcecode.swift; path = MSKNode.swift; sourceTree = "<group>"; };
		61CDDEA7298A363B00297265 /* Constants.swift */ = {isa = PBXFileReference; lastKnownFileType = sourcecode.swift; path = Constants.swift; sourceTree = "<group>"; };
		61CDDEA9298A428300297265 /* MSKPhysicsWorld.swift */ = {isa = PBXFileReference; lastKnownFileType = sourcecode.swift; path = MSKPhysicsWorld.swift; sourceTree = "<group>"; };
		61CDDEBA298AA6E800297265 /* MSKScene.swift */ = {isa = PBXFileReference; lastKnownFileType = sourcecode.swift; path = MSKScene.swift; sourceTree = "<group>"; };
		61CDDEBC298AAC1200297265 /* MSKView.swift */ = {isa = PBXFileReference; lastKnownFileType = sourcecode.swift; path = MSKView.swift; sourceTree = "<group>"; };
		61CDDEBE298AACC600297265 /* MSKSpriteNode.swift */ = {isa = PBXFileReference; lastKnownFileType = sourcecode.swift; path = MSKSpriteNode.swift; sourceTree = "<group>"; };
		61F6517E2997397500B2FDEB /* BallPhysicsBodyDelegate.swift */ = {isa = PBXFileReference; lastKnownFileType = sourcecode.swift; path = BallPhysicsBodyDelegate.swift; sourceTree = "<group>"; };
		61F65182299740D900B2FDEB /* BallNodeDelegate.swift */ = {isa = PBXFileReference; lastKnownFileType = sourcecode.swift; path = BallNodeDelegate.swift; sourceTree = "<group>"; };
/* End PBXFileReference section */

/* Begin PBXFrameworksBuildPhase section */
		619D848C29890A96007C8683 /* Frameworks */ = {
			isa = PBXFrameworksBuildPhase;
			buildActionMask = 2147483647;
			files = (
			);
			runOnlyForDeploymentPostprocessing = 0;
		};
		619D84A229890A9A007C8683 /* Frameworks */ = {
			isa = PBXFrameworksBuildPhase;
			buildActionMask = 2147483647;
			files = (
			);
			runOnlyForDeploymentPostprocessing = 0;
		};
		619D84AC29890A9A007C8683 /* Frameworks */ = {
			isa = PBXFrameworksBuildPhase;
			buildActionMask = 2147483647;
			files = (
			);
			runOnlyForDeploymentPostprocessing = 0;
		};
/* End PBXFrameworksBuildPhase section */

/* Begin PBXGroup section */
		610FED68298E5FE100875BBA /* ModelTests */ = {
			isa = PBXGroup;
			children = (
				610FED69298E5FE100875BBA /* BoardTests.swift */,
				610FED6A298E5FE100875BBA /* PegTests.swift */,
			);
			path = ModelTests;
			sourceTree = "<group>";
		};
		610FED71298E616300875BBA /* PeggleLevelDesigner */ = {
			isa = PBXGroup;
			children = (
				610FED72298E616400875BBA /* LevelDesignerConstants.swift */,
				610FED74298E616400875BBA /* CoreData */,
				610FED79298E616400875BBA /* Models */,
				610FED7E298E616400875BBA /* BoardModelData.xcdatamodeld */,
				610FED83298E616400875BBA /* Controllers */,
				610FED87298E616400875BBA /* Views */,
			);
			path = PeggleLevelDesigner;
			sourceTree = "<group>";
		};
		610FED74298E616400875BBA /* CoreData */ = {
			isa = PBXGroup;
			children = (
				610FED75298E616400875BBA /* DataManager.swift */,
				610FED76298E616400875BBA /* BoardData+CoreDataClass.swift */,
				610FED77298E616400875BBA /* BoardsTransformer.swift */,
				610FED78298E616400875BBA /* BoardData+CoreDataProperties.swift */,
			);
			path = CoreData;
			sourceTree = "<group>";
		};
		610FED79298E616400875BBA /* Models */ = {
			isa = PBXGroup;
			children = (
				610FED7A298E616400875BBA /* Board.swift */,
				610FED7B298E616400875BBA /* BoardProtocol.swift */,
				610FED7C298E616400875BBA /* Peg.swift */,
				610FED7D298E616400875BBA /* Position.swift */,
			);
			path = Models;
			sourceTree = "<group>";
		};
		610FED83298E616400875BBA /* Controllers */ = {
			isa = PBXGroup;
			children = (
				610FED84298E616400875BBA /* LevelSelectViewControllerDelegate.swift */,
				610FED85298E616400875BBA /* LevelSelectViewController.swift */,
				610FED86298E616400875BBA /* LevelBuilderViewController.swift */,
			);
			path = Controllers;
			sourceTree = "<group>";
		};
		610FED87298E616400875BBA /* Views */ = {
			isa = PBXGroup;
			children = (
				610FED88298E616400875BBA /* BoardPegViewDelegate.swift */,
				610FED89298E616400875BBA /* BoardPegView.swift */,
				610FED8A298E616400875BBA /* SelectPegButton.swift */,
				610FED8B298E616400875BBA /* LevelTableViewCell.swift */,
				610FED8C298E616400875BBA /* LevelTableViewCell.xib */,
				610FED8D298E616400875BBA /* Main.storyboard */,
			);
			path = Views;
			sourceTree = "<group>";
		};
		617D2DDD298BBA3300461FC9 /* View */ = {
			isa = PBXGroup;
			children = (
				617D2DDE298BBBB100461FC9 /* BoardView.swift */,
			);
			path = View;
			sourceTree = "<group>";
		};
		617D2DE0298BBBEB00461FC9 /* Controller */ = {
			isa = PBXGroup;
			children = (
				619D849629890A96007C8683 /* GameViewController.swift */,
			);
			path = Controller;
			sourceTree = "<group>";
		};
		617D2DE3298BBC1300461FC9 /* Model */ = {
			isa = PBXGroup;
			children = (
				6185CD52299686C100FDEAEE /* Nodes */,
				6185CD51299686B200FDEAEE /* Physics */,
				6185CD502996869900FDEAEE /* Scenes */,
			);
			path = Model;
			sourceTree = "<group>";
		};
		6185CD502996869900FDEAEE /* Scenes */ = {
			isa = PBXGroup;
			children = (
				612F7A8229913AFC005540DF /* BoardSceneDelegate.swift */,
				617D2DE4298BBC1C00461FC9 /* BoardScene.swift */,
			);
			path = Scenes;
			sourceTree = "<group>";
		};
		6185CD51299686B200FDEAEE /* Physics */ = {
			isa = PBXGroup;
			children = (
				612F7A8029913400005540DF /* PegPhysicsBodyDelegate.swift */,
				612F7A7C29912CAB005540DF /* PegPhysicsBody.swift */,
				612F7A7E29912CC9005540DF /* BallPhysicsBody.swift */,
				61F6517E2997397500B2FDEB /* BallPhysicsBodyDelegate.swift */,
			);
			path = Physics;
			sourceTree = "<group>";
		};
		6185CD52299686C100FDEAEE /* Nodes */ = {
			isa = PBXGroup;
			children = (
				617D2DE6298BBC7F00461FC9 /* PegNode.swift */,
				612F7A742990CC38005540DF /* BluePegNode.swift */,
				612F7A762990CF08005540DF /* OrangePegNode.swift */,
				612F7A782990CF51005540DF /* BallNode.swift */,
				612F7A8429913D55005540DF /* CannonNode.swift */,
				612F7A7A2990F098005540DF /* PegNodeDelegate.swift */,
				61F65182299740D900B2FDEB /* BallNodeDelegate.swift */,
			);
			path = Nodes;
			sourceTree = "<group>";
		};
		619D848629890A96007C8683 = {
			isa = PBXGroup;
			children = (
				619D849129890A96007C8683 /* PeggleClone */,
				619D84A829890A9A007C8683 /* PeggleCloneTests */,
				619D84B229890A9A007C8683 /* PeggleCloneUITests */,
				619D849029890A96007C8683 /* Products */,
			);
			sourceTree = "<group>";
		};
		619D849029890A96007C8683 /* Products */ = {
			isa = PBXGroup;
			children = (
				619D848F29890A96007C8683 /* PeggleClone.app */,
				619D84A529890A9A007C8683 /* PeggleCloneTests.xctest */,
				619D84AF29890A9A007C8683 /* PeggleCloneUITests.xctest */,
			);
			name = Products;
			sourceTree = "<group>";
		};
		619D849129890A96007C8683 /* PeggleClone */ = {
			isa = PBXGroup;
			children = (
				610FED71298E616300875BBA /* PeggleLevelDesigner */,
				617D2DE3298BBC1300461FC9 /* Model */,
				617D2DE0298BBBEB00461FC9 /* Controller */,
				617D2DDD298BBA3300461FC9 /* View */,
				61CDDEA3298A333A00297265 /* MySpriteKit */,
				619D849229890A96007C8683 /* AppDelegate.swift */,
				619D849429890A96007C8683 /* SceneDelegate.swift */,
				619D849829890A96007C8683 /* Main.storyboard */,
				619D849B29890A9A007C8683 /* Assets.xcassets */,
				619D849D29890A9A007C8683 /* LaunchScreen.storyboard */,
				619D84A029890A9A007C8683 /* Info.plist */,
			);
			path = PeggleClone;
			sourceTree = "<group>";
		};
		619D84A829890A9A007C8683 /* PeggleCloneTests */ = {
			isa = PBXGroup;
			children = (
				610FED68298E5FE100875BBA /* ModelTests */,
				619D84A929890A9A007C8683 /* PeggleCloneTests.swift */,
			);
			path = PeggleCloneTests;
			sourceTree = "<group>";
		};
		619D84B229890A9A007C8683 /* PeggleCloneUITests */ = {
			isa = PBXGroup;
			children = (
				619D84B329890A9A007C8683 /* PeggleCloneUITests.swift */,
				619D84B529890A9A007C8683 /* PeggleCloneUITestsLaunchTests.swift */,
			);
			path = PeggleCloneUITests;
			sourceTree = "<group>";
		};
		619D84C229890AF7007C8683 /* Physics Engine */ = {
			isa = PBXGroup;
			children = (
				619D84C329890B6A007C8683 /* MSKPhysicsBody.swift */,
				61CDDEA7298A363B00297265 /* Constants.swift */,
				61CDDEA9298A428300297265 /* MSKPhysicsWorld.swift */,
				61AF44CC298C9B0C00A9181A /* MSKCirclePhysicsBody.swift */,
				61AF44CE298CA17F00A9181A /* UtilFunctions.swift */,
				61AF44D0298CA31600A9181A /* MSKPolygonPhysicsBody.swift */,
				615B02F9298E508700A38993 /* MSKPhysicsBodyDelegate.swift */,
			);
			path = "Physics Engine";
			sourceTree = "<group>";
		};
		61CDDEA3298A333A00297265 /* MySpriteKit */ = {
			isa = PBXGroup;
			children = (
				61CDDEA4298A334F00297265 /* Scene Renderers */,
				619D84C229890AF7007C8683 /* Physics Engine */,
			);
			path = MySpriteKit;
			sourceTree = "<group>";
		};
		61CDDEA4298A334F00297265 /* Scene Renderers */ = {
			isa = PBXGroup;
			children = (
				61CDDEA5298A339C00297265 /* MSKNode.swift */,
				61CDDEBA298AA6E800297265 /* MSKScene.swift */,
				61CDDEBC298AAC1200297265 /* MSKView.swift */,
				61CDDEBE298AACC600297265 /* MSKSpriteNode.swift */,
				617D2DD9298BB2FF00461FC9 /* MSKSceneDelegate.swift */,
			);
			path = "Scene Renderers";
			sourceTree = "<group>";
		};
/* End PBXGroup section */

/* Begin PBXNativeTarget section */
		619D848E29890A96007C8683 /* PeggleClone */ = {
			isa = PBXNativeTarget;
			buildConfigurationList = 619D84B929890A9A007C8683 /* Build configuration list for PBXNativeTarget "PeggleClone" */;
			buildPhases = (
				619D848B29890A96007C8683 /* Sources */,
				619D848C29890A96007C8683 /* Frameworks */,
				619D848D29890A96007C8683 /* Resources */,
				619D84C529890EE0007C8683 /* ShellScript */,
			);
			buildRules = (
			);
			dependencies = (
			);
			name = PeggleClone;
			productName = PeggleClone;
			productReference = 619D848F29890A96007C8683 /* PeggleClone.app */;
			productType = "com.apple.product-type.application";
		};
		619D84A429890A9A007C8683 /* PeggleCloneTests */ = {
			isa = PBXNativeTarget;
			buildConfigurationList = 619D84BC29890A9A007C8683 /* Build configuration list for PBXNativeTarget "PeggleCloneTests" */;
			buildPhases = (
				619D84A129890A9A007C8683 /* Sources */,
				619D84A229890A9A007C8683 /* Frameworks */,
				619D84A329890A9A007C8683 /* Resources */,
			);
			buildRules = (
			);
			dependencies = (
				619D84A729890A9A007C8683 /* PBXTargetDependency */,
			);
			name = PeggleCloneTests;
			productName = PeggleCloneTests;
			productReference = 619D84A529890A9A007C8683 /* PeggleCloneTests.xctest */;
			productType = "com.apple.product-type.bundle.unit-test";
		};
		619D84AE29890A9A007C8683 /* PeggleCloneUITests */ = {
			isa = PBXNativeTarget;
			buildConfigurationList = 619D84BF29890A9A007C8683 /* Build configuration list for PBXNativeTarget "PeggleCloneUITests" */;
			buildPhases = (
				619D84AB29890A9A007C8683 /* Sources */,
				619D84AC29890A9A007C8683 /* Frameworks */,
				619D84AD29890A9A007C8683 /* Resources */,
			);
			buildRules = (
			);
			dependencies = (
				619D84B129890A9A007C8683 /* PBXTargetDependency */,
			);
			name = PeggleCloneUITests;
			productName = PeggleCloneUITests;
			productReference = 619D84AF29890A9A007C8683 /* PeggleCloneUITests.xctest */;
			productType = "com.apple.product-type.bundle.ui-testing";
		};
/* End PBXNativeTarget section */

/* Begin PBXProject section */
		619D848729890A96007C8683 /* Project object */ = {
			isa = PBXProject;
			attributes = {
				BuildIndependentTargetsInParallel = 1;
				LastSwiftUpdateCheck = 1420;
				LastUpgradeCheck = 1420;
				TargetAttributes = {
					619D848E29890A96007C8683 = {
						CreatedOnToolsVersion = 14.2;
					};
					619D84A429890A9A007C8683 = {
						CreatedOnToolsVersion = 14.2;
						TestTargetID = 619D848E29890A96007C8683;
					};
					619D84AE29890A9A007C8683 = {
						CreatedOnToolsVersion = 14.2;
						TestTargetID = 619D848E29890A96007C8683;
					};
				};
			};
			buildConfigurationList = 619D848A29890A96007C8683 /* Build configuration list for PBXProject "PeggleClone" */;
			compatibilityVersion = "Xcode 14.0";
			developmentRegion = en;
			hasScannedForEncodings = 0;
			knownRegions = (
				en,
				Base,
			);
			mainGroup = 619D848629890A96007C8683;
			productRefGroup = 619D849029890A96007C8683 /* Products */;
			projectDirPath = "";
			projectRoot = "";
			targets = (
				619D848E29890A96007C8683 /* PeggleClone */,
				619D84A429890A9A007C8683 /* PeggleCloneTests */,
				619D84AE29890A9A007C8683 /* PeggleCloneUITests */,
			);
		};
/* End PBXProject section */

/* Begin PBXResourcesBuildPhase section */
		619D848D29890A96007C8683 /* Resources */ = {
			isa = PBXResourcesBuildPhase;
			buildActionMask = 2147483647;
			files = (
				619D849F29890A9A007C8683 /* LaunchScreen.storyboard in Resources */,
				619D849C29890A9A007C8683 /* Assets.xcassets in Resources */,
				610FEDA5298E616400875BBA /* LevelTableViewCell.xib in Resources */,
				619D849A29890A96007C8683 /* Main.storyboard in Resources */,
			);
			runOnlyForDeploymentPostprocessing = 0;
		};
		619D84A329890A9A007C8683 /* Resources */ = {
			isa = PBXResourcesBuildPhase;
			buildActionMask = 2147483647;
			files = (
			);
			runOnlyForDeploymentPostprocessing = 0;
		};
		619D84AD29890A9A007C8683 /* Resources */ = {
			isa = PBXResourcesBuildPhase;
			buildActionMask = 2147483647;
			files = (
			);
			runOnlyForDeploymentPostprocessing = 0;
		};
/* End PBXResourcesBuildPhase section */

/* Begin PBXShellScriptBuildPhase section */
		619D84C529890EE0007C8683 /* ShellScript */ = {
			isa = PBXShellScriptBuildPhase;
			buildActionMask = 2147483647;
			files = (
			);
			inputFileListPaths = (
			);
			inputPaths = (
			);
			outputFileListPaths = (
			);
			outputPaths = (
			);
			runOnlyForDeploymentPostprocessing = 0;
			shellPath = /bin/sh;
			shellScript = "if which swiftlint >/dev/null; then\n  swiftlint\nelse\n  echo \"warning: SwiftLint not installed, download from https://github.com/realm/SwiftLint\"\nfi\n";
		};
/* End PBXShellScriptBuildPhase section */

/* Begin PBXSourcesBuildPhase section */
		619D848B29890A96007C8683 /* Sources */ = {
			isa = PBXSourcesBuildPhase;
			buildActionMask = 2147483647;
			files = (
				612F7A8329913AFC005540DF /* BoardSceneDelegate.swift in Sources */,
				610FED98298E616400875BBA /* BoardProtocol.swift in Sources */,
				61CDDEA6298A339C00297265 /* MSKNode.swift in Sources */,
				612F7A792990CF51005540DF /* BallNode.swift in Sources */,
				612F7A752990CC38005540DF /* BluePegNode.swift in Sources */,
				61CDDEAA298A428300297265 /* MSKPhysicsWorld.swift in Sources */,
				610FED96298E616400875BBA /* BoardData+CoreDataProperties.swift in Sources */,
				610FED94298E616400875BBA /* BoardData+CoreDataClass.swift in Sources */,
				615B02FA298E508700A38993 /* MSKPhysicsBodyDelegate.swift in Sources */,
				610FED9B298E616400875BBA /* BoardModelData.xcdatamodeld in Sources */,
				617D2DDF298BBBB100461FC9 /* BoardView.swift in Sources */,
				61CDDEBF298AACC600297265 /* MSKSpriteNode.swift in Sources */,
				610FEDA1298E616400875BBA /* BoardPegViewDelegate.swift in Sources */,
				61AF44CD298C9B0C00A9181A /* MSKCirclePhysicsBody.swift in Sources */,
				61F6517F2997397500B2FDEB /* BallPhysicsBodyDelegate.swift in Sources */,
				61CDDEBB298AA6E800297265 /* MSKScene.swift in Sources */,
				617D2DDA298BB2FF00461FC9 /* MSKSceneDelegate.swift in Sources */,
				612F7A7D29912CAB005540DF /* PegPhysicsBody.swift in Sources */,
				612F7A8129913400005540DF /* PegPhysicsBodyDelegate.swift in Sources */,
				619D849729890A96007C8683 /* GameViewController.swift in Sources */,
				610FED99298E616400875BBA /* Peg.swift in Sources */,
				610FED9A298E616400875BBA /* Position.swift in Sources */,
				612F7A7F29912CC9005540DF /* BallPhysicsBody.swift in Sources */,
				612F7A8529913D55005540DF /* CannonNode.swift in Sources */,
				610FED93298E616400875BBA /* DataManager.swift in Sources */,
				610FED9F298E616400875BBA /* LevelSelectViewController.swift in Sources */,
				619D84C429890B6A007C8683 /* MSKPhysicsBody.swift in Sources */,
				610FEDA2298E616400875BBA /* BoardPegView.swift in Sources */,
				610FED9E298E616400875BBA /* LevelSelectViewControllerDelegate.swift in Sources */,
				612F7A7B2990F099005540DF /* PegNodeDelegate.swift in Sources */,
				610FEDA0298E616400875BBA /* LevelBuilderViewController.swift in Sources */,
				619D849329890A96007C8683 /* AppDelegate.swift in Sources */,
				61CDDEBD298AAC1200297265 /* MSKView.swift in Sources */,
				619D849529890A96007C8683 /* SceneDelegate.swift in Sources */,
				610FED97298E616400875BBA /* Board.swift in Sources */,
				61F65183299740D900B2FDEB /* BallNodeDelegate.swift in Sources */,
				610FED95298E616400875BBA /* BoardsTransformer.swift in Sources */,
				61CDDEA8298A363B00297265 /* Constants.swift in Sources */,
				612F7A772990CF08005540DF /* OrangePegNode.swift in Sources */,
				610FED91298E616400875BBA /* LevelDesignerConstants.swift in Sources */,
				617D2DE7298BBC7F00461FC9 /* PegNode.swift in Sources */,
				610FEDA3298E616400875BBA /* SelectPegButton.swift in Sources */,
				610FEDA4298E616400875BBA /* LevelTableViewCell.swift in Sources */,
				61AF44CF298CA17F00A9181A /* UtilFunctions.swift in Sources */,
				61AF44D1298CA31600A9181A /* MSKPolygonPhysicsBody.swift in Sources */,
				617D2DE5298BBC1C00461FC9 /* BoardScene.swift in Sources */,
			);
			runOnlyForDeploymentPostprocessing = 0;
		};
		619D84A129890A9A007C8683 /* Sources */ = {
			isa = PBXSourcesBuildPhase;
			buildActionMask = 2147483647;
			files = (
				610FEDAD298E651900875BBA /* BoardProtocol.swift in Sources */,
				610FEDAA298E617C00875BBA /* Peg.swift in Sources */,
				610FED6D298E5FE100875BBA /* PegTests.swift in Sources */,
				610FEDAB298E617F00875BBA /* Position.swift in Sources */,
				619D84AA29890A9A007C8683 /* PeggleCloneTests.swift in Sources */,
				610FEDAC298E62AF00875BBA /* LevelDesignerConstants.swift in Sources */,
				610FEDA9298E617900875BBA /* Board.swift in Sources */,
				610FED6C298E5FE100875BBA /* BoardTests.swift in Sources */,
			);
			runOnlyForDeploymentPostprocessing = 0;
		};
		619D84AB29890A9A007C8683 /* Sources */ = {
			isa = PBXSourcesBuildPhase;
			buildActionMask = 2147483647;
			files = (
				619D84B629890A9A007C8683 /* PeggleCloneUITestsLaunchTests.swift in Sources */,
				619D84B429890A9A007C8683 /* PeggleCloneUITests.swift in Sources */,
			);
			runOnlyForDeploymentPostprocessing = 0;
		};
/* End PBXSourcesBuildPhase section */

/* Begin PBXTargetDependency section */
		619D84A729890A9A007C8683 /* PBXTargetDependency */ = {
			isa = PBXTargetDependency;
			target = 619D848E29890A96007C8683 /* PeggleClone */;
			targetProxy = 619D84A629890A9A007C8683 /* PBXContainerItemProxy */;
		};
		619D84B129890A9A007C8683 /* PBXTargetDependency */ = {
			isa = PBXTargetDependency;
			target = 619D848E29890A96007C8683 /* PeggleClone */;
			targetProxy = 619D84B029890A9A007C8683 /* PBXContainerItemProxy */;
		};
/* End PBXTargetDependency section */

/* Begin PBXVariantGroup section */
		610FED8D298E616400875BBA /* Main.storyboard */ = {
			isa = PBXVariantGroup;
			children = (
				610FED8E298E616400875BBA /* Base */,
			);
			name = Main.storyboard;
			sourceTree = "<group>";
		};
		619D849829890A96007C8683 /* Main.storyboard */ = {
			isa = PBXVariantGroup;
			children = (
				619D849929890A96007C8683 /* Base */,
			);
			name = Main.storyboard;
			sourceTree = "<group>";
		};
		619D849D29890A9A007C8683 /* LaunchScreen.storyboard */ = {
			isa = PBXVariantGroup;
			children = (
				619D849E29890A9A007C8683 /* Base */,
			);
			name = LaunchScreen.storyboard;
			sourceTree = "<group>";
		};
/* End PBXVariantGroup section */

/* Begin XCBuildConfiguration section */
		619D84B729890A9A007C8683 /* Debug */ = {
			isa = XCBuildConfiguration;
			buildSettings = {
				ALWAYS_SEARCH_USER_PATHS = NO;
				CLANG_ANALYZER_NONNULL = YES;
				CLANG_ANALYZER_NUMBER_OBJECT_CONVERSION = YES_AGGRESSIVE;
				CLANG_CXX_LANGUAGE_STANDARD = "gnu++20";
				CLANG_ENABLE_MODULES = YES;
				CLANG_ENABLE_OBJC_ARC = YES;
				CLANG_ENABLE_OBJC_WEAK = YES;
				CLANG_WARN_BLOCK_CAPTURE_AUTORELEASING = YES;
				CLANG_WARN_BOOL_CONVERSION = YES;
				CLANG_WARN_COMMA = YES;
				CLANG_WARN_CONSTANT_CONVERSION = YES;
				CLANG_WARN_DEPRECATED_OBJC_IMPLEMENTATIONS = YES;
				CLANG_WARN_DIRECT_OBJC_ISA_USAGE = YES_ERROR;
				CLANG_WARN_DOCUMENTATION_COMMENTS = YES;
				CLANG_WARN_EMPTY_BODY = YES;
				CLANG_WARN_ENUM_CONVERSION = YES;
				CLANG_WARN_INFINITE_RECURSION = YES;
				CLANG_WARN_INT_CONVERSION = YES;
				CLANG_WARN_NON_LITERAL_NULL_CONVERSION = YES;
				CLANG_WARN_OBJC_IMPLICIT_RETAIN_SELF = YES;
				CLANG_WARN_OBJC_LITERAL_CONVERSION = YES;
				CLANG_WARN_OBJC_ROOT_CLASS = YES_ERROR;
				CLANG_WARN_QUOTED_INCLUDE_IN_FRAMEWORK_HEADER = YES;
				CLANG_WARN_RANGE_LOOP_ANALYSIS = YES;
				CLANG_WARN_STRICT_PROTOTYPES = YES;
				CLANG_WARN_SUSPICIOUS_MOVE = YES;
				CLANG_WARN_UNGUARDED_AVAILABILITY = YES_AGGRESSIVE;
				CLANG_WARN_UNREACHABLE_CODE = YES;
				CLANG_WARN__DUPLICATE_METHOD_MATCH = YES;
				COPY_PHASE_STRIP = NO;
				DEBUG_INFORMATION_FORMAT = dwarf;
				ENABLE_STRICT_OBJC_MSGSEND = YES;
				ENABLE_TESTABILITY = YES;
				GCC_C_LANGUAGE_STANDARD = gnu11;
				GCC_DYNAMIC_NO_PIC = NO;
				GCC_NO_COMMON_BLOCKS = YES;
				GCC_OPTIMIZATION_LEVEL = 0;
				GCC_PREPROCESSOR_DEFINITIONS = (
					"DEBUG=1",
					"$(inherited)",
				);
				GCC_WARN_64_TO_32_BIT_CONVERSION = YES;
				GCC_WARN_ABOUT_RETURN_TYPE = YES_ERROR;
				GCC_WARN_UNDECLARED_SELECTOR = YES;
				GCC_WARN_UNINITIALIZED_AUTOS = YES_AGGRESSIVE;
				GCC_WARN_UNUSED_FUNCTION = YES;
				GCC_WARN_UNUSED_VARIABLE = YES;
				IPHONEOS_DEPLOYMENT_TARGET = 15.5;
				MTL_ENABLE_DEBUG_INFO = INCLUDE_SOURCE;
				MTL_FAST_MATH = YES;
				ONLY_ACTIVE_ARCH = YES;
				SDKROOT = iphoneos;
				SWIFT_ACTIVE_COMPILATION_CONDITIONS = DEBUG;
				SWIFT_OPTIMIZATION_LEVEL = "-Onone";
			};
			name = Debug;
		};
		619D84B829890A9A007C8683 /* Release */ = {
			isa = XCBuildConfiguration;
			buildSettings = {
				ALWAYS_SEARCH_USER_PATHS = NO;
				CLANG_ANALYZER_NONNULL = YES;
				CLANG_ANALYZER_NUMBER_OBJECT_CONVERSION = YES_AGGRESSIVE;
				CLANG_CXX_LANGUAGE_STANDARD = "gnu++20";
				CLANG_ENABLE_MODULES = YES;
				CLANG_ENABLE_OBJC_ARC = YES;
				CLANG_ENABLE_OBJC_WEAK = YES;
				CLANG_WARN_BLOCK_CAPTURE_AUTORELEASING = YES;
				CLANG_WARN_BOOL_CONVERSION = YES;
				CLANG_WARN_COMMA = YES;
				CLANG_WARN_CONSTANT_CONVERSION = YES;
				CLANG_WARN_DEPRECATED_OBJC_IMPLEMENTATIONS = YES;
				CLANG_WARN_DIRECT_OBJC_ISA_USAGE = YES_ERROR;
				CLANG_WARN_DOCUMENTATION_COMMENTS = YES;
				CLANG_WARN_EMPTY_BODY = YES;
				CLANG_WARN_ENUM_CONVERSION = YES;
				CLANG_WARN_INFINITE_RECURSION = YES;
				CLANG_WARN_INT_CONVERSION = YES;
				CLANG_WARN_NON_LITERAL_NULL_CONVERSION = YES;
				CLANG_WARN_OBJC_IMPLICIT_RETAIN_SELF = YES;
				CLANG_WARN_OBJC_LITERAL_CONVERSION = YES;
				CLANG_WARN_OBJC_ROOT_CLASS = YES_ERROR;
				CLANG_WARN_QUOTED_INCLUDE_IN_FRAMEWORK_HEADER = YES;
				CLANG_WARN_RANGE_LOOP_ANALYSIS = YES;
				CLANG_WARN_STRICT_PROTOTYPES = YES;
				CLANG_WARN_SUSPICIOUS_MOVE = YES;
				CLANG_WARN_UNGUARDED_AVAILABILITY = YES_AGGRESSIVE;
				CLANG_WARN_UNREACHABLE_CODE = YES;
				CLANG_WARN__DUPLICATE_METHOD_MATCH = YES;
				COPY_PHASE_STRIP = NO;
				DEBUG_INFORMATION_FORMAT = "dwarf-with-dsym";
				ENABLE_NS_ASSERTIONS = NO;
				ENABLE_STRICT_OBJC_MSGSEND = YES;
				GCC_C_LANGUAGE_STANDARD = gnu11;
				GCC_NO_COMMON_BLOCKS = YES;
				GCC_WARN_64_TO_32_BIT_CONVERSION = YES;
				GCC_WARN_ABOUT_RETURN_TYPE = YES_ERROR;
				GCC_WARN_UNDECLARED_SELECTOR = YES;
				GCC_WARN_UNINITIALIZED_AUTOS = YES_AGGRESSIVE;
				GCC_WARN_UNUSED_FUNCTION = YES;
				GCC_WARN_UNUSED_VARIABLE = YES;
				IPHONEOS_DEPLOYMENT_TARGET = 15.5;
				MTL_ENABLE_DEBUG_INFO = NO;
				MTL_FAST_MATH = YES;
				SDKROOT = iphoneos;
				SWIFT_COMPILATION_MODE = wholemodule;
				SWIFT_OPTIMIZATION_LEVEL = "-O";
				VALIDATE_PRODUCT = YES;
			};
			name = Release;
		};
		619D84BA29890A9A007C8683 /* Debug */ = {
			isa = XCBuildConfiguration;
			buildSettings = {
				ASSETCATALOG_COMPILER_APPICON_NAME = AppIcon;
				ASSETCATALOG_COMPILER_GLOBAL_ACCENT_COLOR_NAME = AccentColor;
				CODE_SIGN_STYLE = Automatic;
				CURRENT_PROJECT_VERSION = 1;
				DEVELOPMENT_TEAM = T95PZMKKDH;
				GENERATE_INFOPLIST_FILE = YES;
				INFOPLIST_FILE = PeggleClone/Info.plist;
				INFOPLIST_KEY_UIApplicationSupportsIndirectInputEvents = YES;
				INFOPLIST_KEY_UILaunchStoryboardName = LaunchScreen;
				INFOPLIST_KEY_UIMainStoryboardFile = Main;
				INFOPLIST_KEY_UISupportedInterfaceOrientations = UIInterfaceOrientationPortrait;
				LD_RUNPATH_SEARCH_PATHS = (
					"$(inherited)",
					"@executable_path/Frameworks",
				);
				MARKETING_VERSION = 1.0;
				PRODUCT_BUNDLE_IDENTIFIER = com.taubar.PeggleClone;
				PRODUCT_NAME = "$(TARGET_NAME)";
				SWIFT_EMIT_LOC_STRINGS = YES;
				SWIFT_VERSION = 5.0;
				TARGETED_DEVICE_FAMILY = "1,2";
			};
			name = Debug;
		};
		619D84BB29890A9A007C8683 /* Release */ = {
			isa = XCBuildConfiguration;
			buildSettings = {
				ASSETCATALOG_COMPILER_APPICON_NAME = AppIcon;
				ASSETCATALOG_COMPILER_GLOBAL_ACCENT_COLOR_NAME = AccentColor;
				CODE_SIGN_STYLE = Automatic;
				CURRENT_PROJECT_VERSION = 1;
				DEVELOPMENT_TEAM = T95PZMKKDH;
				GENERATE_INFOPLIST_FILE = YES;
				INFOPLIST_FILE = PeggleClone/Info.plist;
				INFOPLIST_KEY_UIApplicationSupportsIndirectInputEvents = YES;
				INFOPLIST_KEY_UILaunchStoryboardName = LaunchScreen;
				INFOPLIST_KEY_UIMainStoryboardFile = Main;
				INFOPLIST_KEY_UISupportedInterfaceOrientations = UIInterfaceOrientationPortrait;
				LD_RUNPATH_SEARCH_PATHS = (
					"$(inherited)",
					"@executable_path/Frameworks",
				);
				MARKETING_VERSION = 1.0;
				PRODUCT_BUNDLE_IDENTIFIER = com.taubar.PeggleClone;
				PRODUCT_NAME = "$(TARGET_NAME)";
				SWIFT_EMIT_LOC_STRINGS = YES;
				SWIFT_VERSION = 5.0;
				TARGETED_DEVICE_FAMILY = "1,2";
			};
			name = Release;
		};
		619D84BD29890A9A007C8683 /* Debug */ = {
			isa = XCBuildConfiguration;
			buildSettings = {
				ALWAYS_EMBED_SWIFT_STANDARD_LIBRARIES = YES;
				BUNDLE_LOADER = "$(TEST_HOST)";
				CODE_SIGN_STYLE = Automatic;
				CURRENT_PROJECT_VERSION = 1;
				DEVELOPMENT_TEAM = T95PZMKKDH;
				GENERATE_INFOPLIST_FILE = YES;
				IPHONEOS_DEPLOYMENT_TARGET = 15.5;
				MARKETING_VERSION = 1.0;
				PRODUCT_BUNDLE_IDENTIFIER = com.taubar.PeggleCloneTests;
				PRODUCT_NAME = "$(TARGET_NAME)";
				SWIFT_EMIT_LOC_STRINGS = NO;
				SWIFT_VERSION = 5.0;
				TARGETED_DEVICE_FAMILY = "1,2";
				TEST_HOST = "$(BUILT_PRODUCTS_DIR)/PeggleClone.app/$(BUNDLE_EXECUTABLE_FOLDER_PATH)/PeggleClone";
			};
			name = Debug;
		};
		619D84BE29890A9A007C8683 /* Release */ = {
			isa = XCBuildConfiguration;
			buildSettings = {
				ALWAYS_EMBED_SWIFT_STANDARD_LIBRARIES = YES;
				BUNDLE_LOADER = "$(TEST_HOST)";
				CODE_SIGN_STYLE = Automatic;
				CURRENT_PROJECT_VERSION = 1;
				DEVELOPMENT_TEAM = T95PZMKKDH;
				GENERATE_INFOPLIST_FILE = YES;
				IPHONEOS_DEPLOYMENT_TARGET = 15.5;
				MARKETING_VERSION = 1.0;
				PRODUCT_BUNDLE_IDENTIFIER = com.taubar.PeggleCloneTests;
				PRODUCT_NAME = "$(TARGET_NAME)";
				SWIFT_EMIT_LOC_STRINGS = NO;
				SWIFT_VERSION = 5.0;
				TARGETED_DEVICE_FAMILY = "1,2";
				TEST_HOST = "$(BUILT_PRODUCTS_DIR)/PeggleClone.app/$(BUNDLE_EXECUTABLE_FOLDER_PATH)/PeggleClone";
			};
			name = Release;
		};
		619D84C029890A9A007C8683 /* Debug */ = {
			isa = XCBuildConfiguration;
			buildSettings = {
				ALWAYS_EMBED_SWIFT_STANDARD_LIBRARIES = YES;
				CODE_SIGN_STYLE = Automatic;
				CURRENT_PROJECT_VERSION = 1;
				DEVELOPMENT_TEAM = T95PZMKKDH;
				GENERATE_INFOPLIST_FILE = YES;
				MARKETING_VERSION = 1.0;
				PRODUCT_BUNDLE_IDENTIFIER = com.taubar.PeggleCloneUITests;
				PRODUCT_NAME = "$(TARGET_NAME)";
				SWIFT_EMIT_LOC_STRINGS = NO;
				SWIFT_VERSION = 5.0;
				TARGETED_DEVICE_FAMILY = "1,2";
				TEST_TARGET_NAME = PeggleClone;
			};
			name = Debug;
		};
		619D84C129890A9A007C8683 /* Release */ = {
			isa = XCBuildConfiguration;
			buildSettings = {
				ALWAYS_EMBED_SWIFT_STANDARD_LIBRARIES = YES;
				CODE_SIGN_STYLE = Automatic;
				CURRENT_PROJECT_VERSION = 1;
				DEVELOPMENT_TEAM = T95PZMKKDH;
				GENERATE_INFOPLIST_FILE = YES;
				MARKETING_VERSION = 1.0;
				PRODUCT_BUNDLE_IDENTIFIER = com.taubar.PeggleCloneUITests;
				PRODUCT_NAME = "$(TARGET_NAME)";
				SWIFT_EMIT_LOC_STRINGS = NO;
				SWIFT_VERSION = 5.0;
				TARGETED_DEVICE_FAMILY = "1,2";
				TEST_TARGET_NAME = PeggleClone;
			};
			name = Release;
		};
/* End XCBuildConfiguration section */

/* Begin XCConfigurationList section */
		619D848A29890A96007C8683 /* Build configuration list for PBXProject "PeggleClone" */ = {
			isa = XCConfigurationList;
			buildConfigurations = (
				619D84B729890A9A007C8683 /* Debug */,
				619D84B829890A9A007C8683 /* Release */,
			);
			defaultConfigurationIsVisible = 0;
			defaultConfigurationName = Release;
		};
		619D84B929890A9A007C8683 /* Build configuration list for PBXNativeTarget "PeggleClone" */ = {
			isa = XCConfigurationList;
			buildConfigurations = (
				619D84BA29890A9A007C8683 /* Debug */,
				619D84BB29890A9A007C8683 /* Release */,
			);
			defaultConfigurationIsVisible = 0;
			defaultConfigurationName = Release;
		};
		619D84BC29890A9A007C8683 /* Build configuration list for PBXNativeTarget "PeggleCloneTests" */ = {
			isa = XCConfigurationList;
			buildConfigurations = (
				619D84BD29890A9A007C8683 /* Debug */,
				619D84BE29890A9A007C8683 /* Release */,
			);
			defaultConfigurationIsVisible = 0;
			defaultConfigurationName = Release;
		};
		619D84BF29890A9A007C8683 /* Build configuration list for PBXNativeTarget "PeggleCloneUITests" */ = {
			isa = XCConfigurationList;
			buildConfigurations = (
				619D84C029890A9A007C8683 /* Debug */,
				619D84C129890A9A007C8683 /* Release */,
			);
			defaultConfigurationIsVisible = 0;
			defaultConfigurationName = Release;
		};
/* End XCConfigurationList section */

/* Begin XCVersionGroup section */
		610FED7E298E616400875BBA /* BoardModelData.xcdatamodeld */ = {
			isa = XCVersionGroup;
			children = (
				610FED7F298E616400875BBA /* BoardModelData.xcdatamodel */,
			);
			currentVersion = 610FED7F298E616400875BBA /* BoardModelData.xcdatamodel */;
			path = BoardModelData.xcdatamodeld;
			sourceTree = "<group>";
			versionGroupType = wrapper.xcdatamodel;
		};
/* End XCVersionGroup section */
	};
	rootObject = 619D848729890A96007C8683 /* Project object */;
}
